
Microsoft Visual Studio Solution File, Format Version 12.00
# Visual Studio 15
VisualStudioVersion = 15.0.28307.572
MinimumVisualStudioVersion = 10.0.40219.1
Project("{FAE04EC0-301F-11D3-BF4B-00C04F79EFBC}") = "CertificateUpdater", "CertificateUpdater\CertificateUpdater.csproj", "{F80FB4F8-AB16-49DF-85B5-F5E06C8AD450}"
EndProject
Global
	GlobalSection(SolutionConfigurationPlatforms) = preSolution
		Debug|Any CPU = Debug|Any CPU
		Release|Any CPU = Release|Any CPU
	EndGlobalSection
	GlobalSection(ProjectConfigurationPlatforms) = postSolution
		{F80FB4F8-AB16-49DF-85B5-F5E06C8AD450}.Debug|Any CPU.ActiveCfg = Debug|Any CPU
		{F80FB4F8-AB16-49DF-85B5-F5E06C8AD450}.Debug|Any CPU.Build.0 = Debug|Any CPU
		{F80FB4F8-AB16-49DF-85B5-F5E06C8AD450}.Release|Any CPU.ActiveCfg = Release|Any CPU
		{F80FB4F8-AB16-49DF-85B5-F5E06C8AD450}.Release|Any CPU.Build.0 = Release|Any CPU
	EndGlobalSection
	GlobalSection(SolutionProperties) = preSolution
		HideSolutionNode = FALSE
	EndGlobalSection
	GlobalSection(ExtensibilityGlobals) = postSolution
		SolutionGuid = {E64F14F2-219D-4904-AFCC-ED49C6A0EB10}
	EndGlobalSection
EndGlobal
